// !$*UTF8*$!
{
	archiveVersion = 1;
	classes = {
	};
	objectVersion = 46;
	objects = {

/* Begin PBXBuildFile section */
		3FCA89B31FBEDB83009EAC69 /* main.m in Sources */ = {isa = PBXBuildFile; fileRef = 3FCA89B21FBEDB83009EAC69 /* main.m */; };
		3FCA89B61FBEDB83009EAC69 /* AppDelegate.m in Sources */ = {isa = PBXBuildFile; fileRef = 3FCA89B51FBEDB83009EAC69 /* AppDelegate.m */; };
		3FCA89B91FBEDB83009EAC69 /* ViewController.m in Sources */ = {isa = PBXBuildFile; fileRef = 3FCA89B81FBEDB83009EAC69 /* ViewController.m */; };
		3FCA89BC1FBEDB83009EAC69 /* Main.storyboard in Resources */ = {isa = PBXBuildFile; fileRef = 3FCA89BA1FBEDB83009EAC69 /* Main.storyboard */; };
		3FCA89BE1FBEDB83009EAC69 /* Assets.xcassets in Resources */ = {isa = PBXBuildFile; fileRef = 3FCA89BD1FBEDB83009EAC69 /* Assets.xcassets */; };
		3FCA89C11FBEDB83009EAC69 /* LaunchScreen.storyboard in Resources */ = {isa = PBXBuildFile; fileRef = 3FCA89BF1FBEDB83009EAC69 /* LaunchScreen.storyboard */; };
/* End PBXBuildFile section */

/* Begin PBXFileReference section */
		3FCA89AE1FBEDB83009EAC69 /* nasreenapp.app */ = {isa = PBXFileReference; explicitFileType = wrapper.application; includeInIndex = 0; path = nasreenapp.app; sourceTree = BUILT_PRODUCTS_DIR; };
		3FCA89B21FBEDB83009EAC69 /* main.m */ = {isa = PBXFileReference; lastKnownFileType = sourcecode.c.objc; path = main.m; sourceTree = "<group>"; };
		3FCA89B41FBEDB83009EAC69 /* AppDelegate.h */ = {isa = PBXFileReference; lastKnownFileType = sourcecode.c.h; path = AppDelegate.h; sourceTree = "<group>"; };
		3FCA89B51FBEDB83009EAC69 /* AppDelegate.m */ = {isa = PBXFileReference; lastKnownFileType = sourcecode.c.objc; path = AppDelegate.m; sourceTree = "<group>"; };
		3FCA89B71FBEDB83009EAC69 /* ViewController.h */ = {isa = PBXFileReference; lastKnownFileType = sourcecode.c.h; path = ViewController.h; sourceTree = "<group>"; };
		3FCA89B81FBEDB83009EAC69 /* ViewController.m */ = {isa = PBXFileReference; lastKnownFileType = sourcecode.c.objc; path = ViewController.m; sourceTree = "<group>"; };
		3FCA89BB1FBEDB83009EAC69 /* Base */ = {isa = PBXFileReference; lastKnownFileType = file.storyboard; name = Base; path = Base.lproj/Main.storyboard; sourceTree = "<group>"; };
		3FCA89BD1FBEDB83009EAC69 /* Assets.xcassets */ = {isa = PBXFileReference; lastKnownFileType = folder.assetcatalog; path = Assets.xcassets; sourceTree = "<group>"; };
		3FCA89C01FBEDB83009EAC69 /* Base */ = {isa = PBXFileReference; lastKnownFileType = file.storyboard; name = Base; path = Base.lproj/LaunchScreen.storyboard; sourceTree = "<group>"; };
		3FCA89C21FBEDB83009EAC69 /* Info.plist */ = {isa = PBXFileReference; lastKnownFileType = text.plist.xml; path = Info.plist; sourceTree = "<group>"; };
/* End PBXFileReference section */

/* Begin PBXFrameworksBuildPhase section */
		3FCA89AB1FBEDB83009EAC69 /* Frameworks */ = {
			isa = PBXFrameworksBuildPhase;
			buildActionMask = 2147483647;
			files = (
			);
			runOnlyForDeploymentPostprocessing = 0;
		};
/* End PBXFrameworksBuildPhase section */

/* Begin PBXGroup section */
		3FCA89A51FBEDB83009EAC69 = {
			isa = PBXGroup;
			children = (
				3FCA89B01FBEDB83009EAC69 /* nasreenapp */,
				3FCA89AF1FBEDB83009EAC69 /* Products */,
			);
			sourceTree = "<group>";
		};
		3FCA89AF1FBEDB83009EAC69 /* Products */ = {
			isa = PBXGroup;
			children = (
				3FCA89AE1FBEDB83009EAC69 /* nasreenapp.app */,
			);
			name = Products;
			sourceTree = "<group>";
		};
		3FCA89B01FBEDB83009EAC69 /* nasreenapp */ = {
			isa = PBXGroup;
			children = (
				3FCA89B41FBEDB83009EAC69 /* AppDelegate.h */,
				3FCA89B51FBEDB83009EAC69 /* AppDelegate.m */,
				3FCA89B71FBEDB83009EAC69 /* ViewController.h */,
				3FCA89B81FBEDB83009EAC69 /* ViewController.m */,
				3FCA89BA1FBEDB83009EAC69 /* Main.storyboard */,
				3FCA89BD1FBEDB83009EAC69 /* Assets.xcassets */,
				3FCA89BF1FBEDB83009EAC69 /* LaunchScreen.storyboard */,
				3FCA89C21FBEDB83009EAC69 /* Info.plist */,
				3FCA89B11FBEDB83009EAC69 /* Supporting Files */,
			);
			path = nasreenapp;
			sourceTree = "<group>";
		};
		3FCA89B11FBEDB83009EAC69 /* Supporting Files */ = {
			isa = PBXGroup;
			children = (
				3FCA89B21FBEDB83009EAC69 /* main.m */,
			);
			name = "Supporting Files";
			sourceTree = "<group>";
		};
/* End PBXGroup section */

/* Begin PBXNativeTarget section */
		3FCA89AD1FBEDB83009EAC69 /* nasreenapp */ = {
			isa = PBXNativeTarget;
			buildConfigurationList = 3FCA89C51FBEDB83009EAC69 /* Build configuration list for PBXNativeTarget "nasreenapp" */;
			buildPhases = (
				3FCA89AA1FBEDB83009EAC69 /* Sources */,
				3FCA89AB1FBEDB83009EAC69 /* Frameworks */,
				3FCA89AC1FBEDB83009EAC69 /* Resources */,
			);
			buildRules = (
			);
			dependencies = (
			);
			name = nasreenapp;
			productName = nasreenapp;
			productReference = 3FCA89AE1FBEDB83009EAC69 /* nasreenapp.app */;
			productType = "com.apple.product-type.application";
		};
/* End PBXNativeTarget section */

/* Begin PBXProject section */
		3FCA89A61FBEDB83009EAC69 /* Project object */ = {
			isa = PBXProject;
			attributes = {
				LastUpgradeCheck = 0830;
				ORGANIZATIONNAME = student;
				TargetAttributes = {
					3FCA89AD1FBEDB83009EAC69 = {
						CreatedOnToolsVersion = 8.3.3;
						ProvisioningStyle = Automatic;
					};
				};
			};
			buildConfigurationList = 3FCA89A91FBEDB83009EAC69 /* Build configuration list for PBXProject "nasreenapp" */;
			compatibilityVersion = "Xcode 3.2";
			developmentRegion = English;
			hasScannedForEncodings = 0;
			knownRegions = (
				en,
				Base,
			);
			mainGroup = 3FCA89A51FBEDB83009EAC69;
			productRefGroup = 3FCA89AF1FBEDB83009EAC69 /* Products */;
			projectDirPath = "";
			projectRoot = "";
			targets = (
				3FCA89AD1FBEDB83009EAC69 /* nasreenapp */,
			);
		};
/* End PBXProject section */

/* Begin PBXResourcesBuildPhase section */
		3FCA89AC1FBEDB83009EAC69 /* Resources */ = {
			isa = PBXResourcesBuildPhase;
			buildActionMask = 2147483647;
			files = (
				3FCA89C11FBEDB83009EAC69 /* LaunchScreen.storyboard in Resources */,
				3FCA89BE1FBEDB83009EAC69 /* Assets.xcassets in Resources */,
				3FCA89BC1FBEDB83009EAC69 /* Main.storyboard in Resources */,
			);
			runOnlyForDeploymentPostprocessing = 0;
		};
/* End PBXResourcesBuildPhase section */

/* Begin PBXSourcesBuildPhase section */
		3FCA89AA1FBEDB83009EAC69 /* Sources */ = {
			isa = PBXSourcesBuildPhase;
			buildActionMask = 2147483647;
			files = (
				3FCA89B91FBEDB83009EAC69 /* ViewController.m in Sources */,
				3FCA89B61FBEDB83009EAC69 /* AppDelegate.m in Sources */,
				3FCA89B31FBEDB83009EAC69 /* main.m in Sources */,
			);
			runOnlyForDeploymentPostprocessing = 0;
		};
/* End PBXSourcesBuildPhase section */

/* Begin PBXVariantGroup section */
		3FCA89BA1FBEDB83009EAC69 /* Main.storyboard */ = {
			isa = PBXVariantGroup;
			children = (
				3FCA89BB1FBEDB83009EAC69 /* Base */,
			);
			name = Main.storyboard;
			sourceTree = "<group>";
		};
		3FCA89BF1FBEDB83009EAC69 /* LaunchScreen.storyboard */ = {
			isa = PBXVariantGroup;
			children = (
				3FCA89C01FBEDB83009EAC69 /* Base */,
			);
			name = LaunchScreen.storyboard;
			sourceTree = "<group>";
		};
/* End PBXVariantGroup section */

/* Begin XCBuildConfiguration section */
		3FCA89C31FBEDB83009EAC69 /* Debug */ = {
			isa = XCBuildConfiguration;
			buildSettings = {
				ALWAYS_SEARCH_USER_PATHS = NO;
				CLANG_ANALYZER_NONNULL = YES;
				CLANG_ANALYZER_NUMBER_OBJECT_CONVERSION = YES_AGGRESSIVE;
				CLANG_CXX_LANGUAGE_STANDARD = "gnu++0x";
				CLANG_CXX_LIBRARY = "libc++";
				CLANG_ENABLE_MODULES = YES;
				CLANG_ENABLE_OBJC_ARC = YES;
				CLANG_WARN_BOOL_CONVERSION = YES;
				CLANG_WARN_CONSTANT_CONVERSION = YES;
				CLANG_WARN_DIRECT_OBJC_ISA_USAGE = YES_ERROR;
				CLANG_WARN_DOCUMENTATION_COMMENTS = YES;
				CLANG_WARN_EMPTY_BODY = YES;
				CLANG_WARN_ENUM_CONVERSION = YES;
				CLANG_WARN_INFINITE_RECURSION = YES;
				CLANG_WARN_INT_CONVERSION = YES;
				CLANG_WARN_OBJC_ROOT_CLASS = YES_ERROR;
				CLANG_WARN_SUSPICIOUS_MOVE = YES;
				CLANG_WARN_UNREACHABLE_CODE = YES;
				CLANG_WARN__DUPLICATE_METHOD_MATCH = YES;
				"CODE_SIGN_IDENTITY[sdk=iphoneos*]" = "iPhone Developer";
				COPY_PHASE_STRIP = NO;
				DEBUG_INFORMATION_FORMAT = dwarf;
				ENABLE_STRICT_OBJC_MSGSEND = YES;
				ENABLE_TESTABILITY = YES;
				GCC_C_LANGUAGE_STANDARD = gnu99;
				GCC_DYNAMIC_NO_PIC = NO;
				GCC_NO_COMMON_BLOCKS = YES;
				GCC_OPTIMIZATION_LEVEL = 0;
				GCC_PREPROCESSOR_DEFINITIONS = (
					"DEBUG=1",
					"$(inherited)",
				);
				GCC_WARN_64_TO_32_BIT_CONVERSION = YES;
				GCC_WARN_ABOUT_RETURN_TYPE = YES_ERROR;
				GCC_WARN_UNDECLARED_SELECTOR = YES;
				GCC_WARN_UNINITIALIZED_AUTOS = YES_AGGRESSIVE;
				GCC_WARN_UNUSED_FUNCTION = YES;
				GCC_WARN_UNUSED_VARIABLE = YES;
				IPHONEOS_DEPLOYMENT_TARGET = 10.3;
				MTL_ENABLE_DEBUG_INFO = YES;
				ONLY_ACTIVE_ARCH = YES;
				SDKROOT = iphoneos;
				TARGETED_DEVICE_FAMILY = "1,2";
			};
			name = Debug;
		};
		3FCA89C41FBEDB83009EAC69 /* Release */ = {
			isa = XCBuildConfiguration;
			buildSettings = {
				ALWAYS_SEARCH_USER_PATHS = NO;
				CLANG_ANALYZER_NONNULL = YES;
				CLANG_ANALYZER_NUMBER_OBJECT_CONVERSION = YES_AGGRESSIVE;
				CLANG_CXX_LANGUAGE_STANDARD = "gnu++0x";
				CLANG_CXX_LIBRARY = "libc++";
				CLANG_ENABLE_MODULES = YES;
				CLANG_ENABLE_OBJC_ARC = YES;
				CLANG_WARN_BOOL_CONVERSION = YES;
				CLANG_WARN_CONSTANT_CONVERSION = YES;
				CLANG_WARN_DIRECT_OBJC_ISA_USAGE = YES_ERROR;
				CLANG_WARN_DOCUMENTATION_COMMENTS = YES;
				CLANG_WARN_EMPTY_BODY = YES;
				CLANG_WARN_ENUM_CONVERSION = YES;
				CLANG_WARN_INFINITE_RECURSION = YES;
				CLANG_WARN_INT_CONVERSION = YES;
				CLANG_WARN_OBJC_ROOT_CLASS = YES_ERROR;
				CLANG_WARN_SUSPICIOUS_MOVE = YES;
				CLANG_WARN_UNREACHABLE_CODE = YES;
				CLANG_WARN__DUPLICATE_METHOD_MATCH = YES;
				"CODE_SIGN_IDENTITY[sdk=iphoneos*]" = "iPhone Developer";
				COPY_PHASE_STRIP = NO;
				DEBUG_INFORMATION_FORMAT = "dwarf-with-dsym";
				ENABLE_NS_ASSERTIONS = NO;
				ENABLE_STRICT_OBJC_MSGSEND = YES;
				GCC_C_LANGUAGE_STANDARD = gnu99;
				GCC_NO_COMMON_BLOCKS = YES;
				GCC_WARN_64_TO_32_BIT_CONVERSION = YES;
				GCC_WARN_ABOUT_RETURN_TYPE = YES_ERROR;
				GCC_WARN_UNDECLARED_SELECTOR = YES;
				GCC_WARN_UNINITIALIZED_AUTOS = YES_AGGRESSIVE;
				GCC_WARN_UNUSED_FUNCTION = YES;
				GCC_WARN_UNUSED_VARIABLE = YES;
				IPHONEOS_DEPLOYMENT_TARGET = 10.3;
				MTL_ENABLE_DEBUG_INFO = NO;
				SDKROOT = iphoneos;
				TARGETED_DEVICE_FAMILY = "1,2";
				VALIDATE_PRODUCT = YES;
			};
			name = Release;
		};
		3FCA89C61FBEDB83009EAC69 /* Debug */ = {
			isa = XCBuildConfiguration;
			buildSettings = {
				ASSETCATALOG_COMPILER_APPICON_NAME = "AppIcon-1";
				INFOPLIST_FILE = nasreenapp/Info.plist;
				LD_RUNPATH_SEARCH_PATHS = "$(inherited) @executable_path/Frameworks";
				PRODUCT_BUNDLE_IDENTIFIER = dfgfdg.nasreenapp;
				PRODUCT_NAME = "$(TARGET_NAME)";
			};
			name = Debug;
		};
		3FCA89C71FBEDB83009EAC69 /* Release */ = {
			isa = XCBuildConfiguration;
			buildSettings = {
				ASSETCATALOG_COMPILER_APPICON_NAME = "AppIcon-1";
				INFOPLIST_FILE = nasreenapp/Info.plist;
				LD_RUNPATH_SEARCH_PATHS = "$(inherited) @executable_path/Frameworks";
				PRODUCT_BUNDLE_IDENTIFIER = dfgfdg.nasreenapp;
				PRODUCT_NAME = "$(TARGET_NAME)";
			};
			name = Release;
		};
/* End XCBuildConfiguration section */

/* Begin XCConfigurationList section */
		3FCA89A91FBEDB83009EAC69 /* Build configuration list for PBXProject "nasreenapp" */ = {
			isa = XCConfigurationList;
			buildConfigurations = (
				3FCA89C31FBEDB83009EAC69 /* Debug */,
				3FCA89C41FBEDB83009EAC69 /* Release */,
			);
			defaultConfigurationIsVisible = 0;
			defaultConfigurationName = Release;
		};
		3FCA89C51FBEDB83009EAC69 /* Build configuration list for PBXNativeTarget "nasreenapp" */ = {
			isa = XCConfigurationList;
			buildConfigurations = (
				3FCA89C61FBEDB83009EAC69 /* Debug */,
				3FCA89C71FBEDB83009EAC69 /* Release */,
			);
			defaultConfigurationIsVisible = 0;
			defaultConfigurationName = Release;
		};
/* End XCConfigurationList section */
	};
	rootObject = 3FCA89A61FBEDB83009EAC69 /* Project object */;
}
